
Microsoft Visual Studio Solution File, Format Version 12.00
# Visual Studio 15
VisualStudioVersion = 15.0.28307.1525
MinimumVisualStudioVersion = 10.0.40219.1
Project("{FAE04EC0-301F-11D3-BF4B-00C04F79EFBC}") = "CommentSystem", "CommentSystem\CommentSystem.csproj", "{00321B80-8F8F-4CC0-B1A8-EADB9DC9B78C}"
EndProject
Global
	GlobalSection(SolutionConfigurationPlatforms) = preSolution
		Debug|Any CPU = Debug|Any CPU
		Release|Any CPU = Release|Any CPU
	EndGlobalSection
	GlobalSection(ProjectConfigurationPlatforms) = postSolution
		{00321B80-8F8F-4CC0-B1A8-EADB9DC9B78C}.Debug|Any CPU.ActiveCfg = Debug|Any CPU
		{00321B80-8F8F-4CC0-B1A8-EADB9DC9B78C}.Debug|Any CPU.Build.0 = Debug|Any CPU
		{00321B80-8F8F-4CC0-B1A8-EADB9DC9B78C}.Release|Any CPU.ActiveCfg = Release|Any CPU
		{00321B80-8F8F-4CC0-B1A8-EADB9DC9B78C}.Release|Any CPU.Build.0 = Release|Any CPU
	EndGlobalSection
	GlobalSection(SolutionProperties) = preSolution
		HideSolutionNode = FALSE
	EndGlobalSection
	GlobalSection(ExtensibilityGlobals) = postSolution
		SolutionGuid = {9D7A12DC-4F43-4D99-B4E6-BDF29BADC2B4}
	EndGlobalSection
EndGlobal
